
Microsoft Visual Studio Solution File, Format Version 12.00
# Visual Studio Version 16
VisualStudioVersion = 16.0.29911.84
MinimumVisualStudioVersion = 10.0.40219.1
Project("{F184B08F-C81C-45F6-A57F-5ABD9991F28F}") = "aula30062020", "aula30062020\aula30062020.vbproj", "{908FBA02-D8E6-40D3-B098-71C5B98BD98A}"
EndProject
Global
	GlobalSection(SolutionConfigurationPlatforms) = preSolution
		Debug|Any CPU = Debug|Any CPU
		Release|Any CPU = Release|Any CPU
	EndGlobalSection
	GlobalSection(ProjectConfigurationPlatforms) = postSolution
		{908FBA02-D8E6-40D3-B098-71C5B98BD98A}.Debug|Any CPU.ActiveCfg = Debug|Any CPU
		{908FBA02-D8E6-40D3-B098-71C5B98BD98A}.Debug|Any CPU.Build.0 = Debug|Any CPU
		{908FBA02-D8E6-40D3-B098-71C5B98BD98A}.Release|Any CPU.ActiveCfg = Release|Any CPU
		{908FBA02-D8E6-40D3-B098-71C5B98BD98A}.Release|Any CPU.Build.0 = Release|Any CPU
	EndGlobalSection
	GlobalSection(SolutionProperties) = preSolution
		HideSolutionNode = FALSE
	EndGlobalSection
	GlobalSection(ExtensibilityGlobals) = postSolution
		SolutionGuid = {698335B7-0A85-4C57-82B8-60715E577A52}
	EndGlobalSection
EndGlobal
